// !$*UTF8*$!
{
	archiveVersion = 1;
	classes = {
	};
	objectVersion = 50;
	objects = {

/* Begin PBXBuildFile section */
		26118FCC2510683100B8CD7E /* AddCoffeeOrderViewModel.swift in Sources */ = {isa = PBXBuildFile; fileRef = 26118FCB2510683100B8CD7E /* AddCoffeeOrderViewModel.swift */; };
		26201301250A683C00B21653 /* AppDelegate.swift in Sources */ = {isa = PBXBuildFile; fileRef = 26201300250A683C00B21653 /* AppDelegate.swift */; };
		26201303250A683C00B21653 /* SceneDelegate.swift in Sources */ = {isa = PBXBuildFile; fileRef = 26201302250A683C00B21653 /* SceneDelegate.swift */; };
		26201308250A683C00B21653 /* Main.storyboard in Resources */ = {isa = PBXBuildFile; fileRef = 26201306250A683C00B21653 /* Main.storyboard */; };
		2620130A250A684200B21653 /* Assets.xcassets in Resources */ = {isa = PBXBuildFile; fileRef = 26201309250A684200B21653 /* Assets.xcassets */; };
		2620130D250A684200B21653 /* LaunchScreen.storyboard in Resources */ = {isa = PBXBuildFile; fileRef = 2620130B250A684200B21653 /* LaunchScreen.storyboard */; };
		26201316250A7E7900B21653 /* OrdersTableViewController.swift in Sources */ = {isa = PBXBuildFile; fileRef = 26201315250A7E7900B21653 /* OrdersTableViewController.swift */; };
		26201318250A7E9700B21653 /* AddOrderViewController.swift in Sources */ = {isa = PBXBuildFile; fileRef = 26201317250A7E9700B21653 /* AddOrderViewController.swift */; };
		2620131B250A8F6A00B21653 /* WebService.swift in Sources */ = {isa = PBXBuildFile; fileRef = 2620131A250A8F6A00B21653 /* WebService.swift */; };
		26DDA642250F1404009FFA45 /* Order.swift in Sources */ = {isa = PBXBuildFile; fileRef = 26DDA641250F1404009FFA45 /* Order.swift */; };
		26DDA645250F28B0009FFA45 /* OrderViewModel.swift in Sources */ = {isa = PBXBuildFile; fileRef = 26DDA644250F28B0009FFA45 /* OrderViewModel.swift */; };
/* End PBXBuildFile section */

/* Begin PBXFileReference section */
		26118FCB2510683100B8CD7E /* AddCoffeeOrderViewModel.swift */ = {isa = PBXFileReference; lastKnownFileType = sourcecode.swift; path = AddCoffeeOrderViewModel.swift; sourceTree = "<group>"; };
		262012FD250A683C00B21653 /* CoffeeOrder.app */ = {isa = PBXFileReference; explicitFileType = wrapper.application; includeInIndex = 0; path = CoffeeOrder.app; sourceTree = BUILT_PRODUCTS_DIR; };
		26201300250A683C00B21653 /* AppDelegate.swift */ = {isa = PBXFileReference; lastKnownFileType = sourcecode.swift; path = AppDelegate.swift; sourceTree = "<group>"; };
		26201302250A683C00B21653 /* SceneDelegate.swift */ = {isa = PBXFileReference; lastKnownFileType = sourcecode.swift; path = SceneDelegate.swift; sourceTree = "<group>"; };
		26201307250A683C00B21653 /* Base */ = {isa = PBXFileReference; lastKnownFileType = file.storyboard; name = Base; path = Base.lproj/Main.storyboard; sourceTree = "<group>"; };
		26201309250A684200B21653 /* Assets.xcassets */ = {isa = PBXFileReference; lastKnownFileType = folder.assetcatalog; path = Assets.xcassets; sourceTree = "<group>"; };
		2620130C250A684200B21653 /* Base */ = {isa = PBXFileReference; lastKnownFileType = file.storyboard; name = Base; path = Base.lproj/LaunchScreen.storyboard; sourceTree = "<group>"; };
		2620130E250A684200B21653 /* Info.plist */ = {isa = PBXFileReference; lastKnownFileType = text.plist.xml; path = Info.plist; sourceTree = "<group>"; };
		26201315250A7E7900B21653 /* OrdersTableViewController.swift */ = {isa = PBXFileReference; lastKnownFileType = sourcecode.swift; path = OrdersTableViewController.swift; sourceTree = "<group>"; };
		26201317250A7E9700B21653 /* AddOrderViewController.swift */ = {isa = PBXFileReference; lastKnownFileType = sourcecode.swift; path = AddOrderViewController.swift; sourceTree = "<group>"; };
		2620131A250A8F6A00B21653 /* WebService.swift */ = {isa = PBXFileReference; lastKnownFileType = sourcecode.swift; path = WebService.swift; sourceTree = "<group>"; };
		26DDA641250F1404009FFA45 /* Order.swift */ = {isa = PBXFileReference; lastKnownFileType = sourcecode.swift; path = Order.swift; sourceTree = "<group>"; };
		26DDA644250F28B0009FFA45 /* OrderViewModel.swift */ = {isa = PBXFileReference; lastKnownFileType = sourcecode.swift; path = OrderViewModel.swift; sourceTree = "<group>"; };
/* End PBXFileReference section */

/* Begin PBXFrameworksBuildPhase section */
		262012FA250A683C00B21653 /* Frameworks */ = {
			isa = PBXFrameworksBuildPhase;
			buildActionMask = 2147483647;
			files = (
			);
			runOnlyForDeploymentPostprocessing = 0;
		};
/* End PBXFrameworksBuildPhase section */

/* Begin PBXGroup section */
		262012F4250A683C00B21653 = {
			isa = PBXGroup;
			children = (
				262012FF250A683C00B21653 /* CoffeeOrder */,
				262012FE250A683C00B21653 /* Products */,
			);
			sourceTree = "<group>";
		};
		262012FE250A683C00B21653 /* Products */ = {
			isa = PBXGroup;
			children = (
				262012FD250A683C00B21653 /* CoffeeOrder.app */,
			);
			name = Products;
			sourceTree = "<group>";
		};
		262012FF250A683C00B21653 /* CoffeeOrder */ = {
			isa = PBXGroup;
			children = (
				26DDA643250F28A2009FFA45 /* ViewModels */,
				26DDA640250F13F5009FFA45 /* Models */,
				26201319250A8F5B00B21653 /* Services */,
				26201314250A692900B21653 /* Controllers */,
				26201300250A683C00B21653 /* AppDelegate.swift */,
				26201302250A683C00B21653 /* SceneDelegate.swift */,
				26201306250A683C00B21653 /* Main.storyboard */,
				26201309250A684200B21653 /* Assets.xcassets */,
				2620130B250A684200B21653 /* LaunchScreen.storyboard */,
				2620130E250A684200B21653 /* Info.plist */,
			);
			path = CoffeeOrder;
			sourceTree = "<group>";
		};
		26201314250A692900B21653 /* Controllers */ = {
			isa = PBXGroup;
			children = (
				26201315250A7E7900B21653 /* OrdersTableViewController.swift */,
				26201317250A7E9700B21653 /* AddOrderViewController.swift */,
			);
			path = Controllers;
			sourceTree = "<group>";
		};
		26201319250A8F5B00B21653 /* Services */ = {
			isa = PBXGroup;
			children = (
				2620131A250A8F6A00B21653 /* WebService.swift */,
			);
			path = Services;
			sourceTree = "<group>";
		};
		26DDA640250F13F5009FFA45 /* Models */ = {
			isa = PBXGroup;
			children = (
				26DDA641250F1404009FFA45 /* Order.swift */,
			);
			path = Models;
			sourceTree = "<group>";
		};
		26DDA643250F28A2009FFA45 /* ViewModels */ = {
			isa = PBXGroup;
			children = (
				26DDA644250F28B0009FFA45 /* OrderViewModel.swift */,
				26118FCB2510683100B8CD7E /* AddCoffeeOrderViewModel.swift */,
			);
			path = ViewModels;
			sourceTree = "<group>";
		};
/* End PBXGroup section */

/* Begin PBXNativeTarget section */
		262012FC250A683C00B21653 /* CoffeeOrder */ = {
			isa = PBXNativeTarget;
			buildConfigurationList = 26201311250A684200B21653 /* Build configuration list for PBXNativeTarget "CoffeeOrder" */;
			buildPhases = (
				262012F9250A683C00B21653 /* Sources */,
				262012FA250A683C00B21653 /* Frameworks */,
				262012FB250A683C00B21653 /* Resources */,
			);
			buildRules = (
			);
			dependencies = (
			);
			name = CoffeeOrder;
			productName = HotCoffee;
			productReference = 262012FD250A683C00B21653 /* CoffeeOrder.app */;
			productType = "com.apple.product-type.application";
		};
/* End PBXNativeTarget section */

/* Begin PBXProject section */
		262012F5250A683C00B21653 /* Project object */ = {
			isa = PBXProject;
			attributes = {
				LastSwiftUpdateCheck = 1170;
				LastUpgradeCheck = 1250;
				ORGANIZATIONNAME = "Jerome Pullen";
				TargetAttributes = {
					262012FC250A683C00B21653 = {
						CreatedOnToolsVersion = 11.7;
					};
				};
			};
			buildConfigurationList = 262012F8250A683C00B21653 /* Build configuration list for PBXProject "CoffeeOrder" */;
			compatibilityVersion = "Xcode 9.3";
			developmentRegion = en;
			hasScannedForEncodings = 0;
			knownRegions = (
				en,
				Base,
			);
			mainGroup = 262012F4250A683C00B21653;
			productRefGroup = 262012FE250A683C00B21653 /* Products */;
			projectDirPath = "";
			projectRoot = "";
			targets = (
				262012FC250A683C00B21653 /* CoffeeOrder */,
			);
		};
/* End PBXProject section */

/* Begin PBXResourcesBuildPhase section */
		262012FB250A683C00B21653 /* Resources */ = {
			isa = PBXResourcesBuildPhase;
			buildActionMask = 2147483647;
			files = (
				2620130D250A684200B21653 /* LaunchScreen.storyboard in Resources */,
				2620130A250A684200B21653 /* Assets.xcassets in Resources */,
				26201308250A683C00B21653 /* Main.storyboard in Resources */,
			);
			runOnlyForDeploymentPostprocessing = 0;
		};
/* End PBXResourcesBuildPhase section */

/* Begin PBXSourcesBuildPhase section */
		262012F9250A683C00B21653 /* Sources */ = {
			isa = PBXSourcesBuildPhase;
			buildActionMask = 2147483647;
			files = (
				26DDA642250F1404009FFA45 /* Order.swift in Sources */,
				26118FCC2510683100B8CD7E /* AddCoffeeOrderViewModel.swift in Sources */,
				26201301250A683C00B21653 /* AppDelegate.swift in Sources */,
				26201303250A683C00B21653 /* SceneDelegate.swift in Sources */,
				26201316250A7E7900B21653 /* OrdersTableViewController.swift in Sources */,
				2620131B250A8F6A00B21653 /* WebService.swift in Sources */,
				26DDA645250F28B0009FFA45 /* OrderViewModel.swift in Sources */,
				26201318250A7E9700B21653 /* AddOrderViewController.swift in Sources */,
			);
			runOnlyForDeploymentPostprocessing = 0;
		};
/* End PBXSourcesBuildPhase section */

/* Begin PBXVariantGroup section */
		26201306250A683C00B21653 /* Main.storyboard */ = {
			isa = PBXVariantGroup;
			children = (
				26201307250A683C00B21653 /* Base */,
			);
			name = Main.storyboard;
			sourceTree = "<group>";
		};
		2620130B250A684200B21653 /* LaunchScreen.storyboard */ = {
			isa = PBXVariantGroup;
			children = (
				2620130C250A684200B21653 /* Base */,
			);
			name = LaunchScreen.storyboard;
			sourceTree = "<group>";
		};
/* End PBXVariantGroup section */

/* Begin XCBuildConfiguration section */
		2620130F250A684200B21653 /* Debug */ = {
			isa = XCBuildConfiguration;
			buildSettings = {
				ALWAYS_SEARCH_USER_PATHS = NO;
				CLANG_ANALYZER_NONNULL = YES;
				CLANG_ANALYZER_NUMBER_OBJECT_CONVERSION = YES_AGGRESSIVE;
				CLANG_CXX_LANGUAGE_STANDARD = "gnu++14";
				CLANG_CXX_LIBRARY = "libc++";
				CLANG_ENABLE_MODULES = YES;
				CLANG_ENABLE_OBJC_ARC = YES;
				CLANG_ENABLE_OBJC_WEAK = YES;
				CLANG_WARN_BLOCK_CAPTURE_AUTORELEASING = YES;
				CLANG_WARN_BOOL_CONVERSION = YES;
				CLANG_WARN_COMMA = YES;
				CLANG_WARN_CONSTANT_CONVERSION = YES;
				CLANG_WARN_DEPRECATED_OBJC_IMPLEMENTATIONS = YES;
				CLANG_WARN_DIRECT_OBJC_ISA_USAGE = YES_ERROR;
				CLANG_WARN_DOCUMENTATION_COMMENTS = YES;
				CLANG_WARN_EMPTY_BODY = YES;
				CLANG_WARN_ENUM_CONVERSION = YES;
				CLANG_WARN_INFINITE_RECURSION = YES;
				CLANG_WARN_INT_CONVERSION = YES;
				CLANG_WARN_NON_LITERAL_NULL_CONVERSION = YES;
				CLANG_WARN_OBJC_IMPLICIT_RETAIN_SELF = YES;
				CLANG_WARN_OBJC_LITERAL_CONVERSION = YES;
				CLANG_WARN_OBJC_ROOT_CLASS = YES_ERROR;
				CLANG_WARN_QUOTED_INCLUDE_IN_FRAMEWORK_HEADER = YES;
				CLANG_WARN_RANGE_LOOP_ANALYSIS = YES;
				CLANG_WARN_STRICT_PROTOTYPES = YES;
				CLANG_WARN_SUSPICIOUS_MOVE = YES;
				CLANG_WARN_UNGUARDED_AVAILABILITY = YES_AGGRESSIVE;
				CLANG_WARN_UNREACHABLE_CODE = YES;
				CLANG_WARN__DUPLICATE_METHOD_MATCH = YES;
				COPY_PHASE_STRIP = NO;
				DEBUG_INFORMATION_FORMAT = dwarf;
				ENABLE_STRICT_OBJC_MSGSEND = YES;
				ENABLE_TESTABILITY = YES;
				GCC_C_LANGUAGE_STANDARD = gnu11;
				GCC_DYNAMIC_NO_PIC = NO;
				GCC_NO_COMMON_BLOCKS = YES;
				GCC_OPTIMIZATION_LEVEL = 0;
				GCC_PREPROCESSOR_DEFINITIONS = (
					"DEBUG=1",
					"$(inherited)",
				);
				GCC_WARN_64_TO_32_BIT_CONVERSION = YES;
				GCC_WARN_ABOUT_RETURN_TYPE = YES_ERROR;
				GCC_WARN_UNDECLARED_SELECTOR = YES;
				GCC_WARN_UNINITIALIZED_AUTOS = YES_AGGRESSIVE;
				GCC_WARN_UNUSED_FUNCTION = YES;
				GCC_WARN_UNUSED_VARIABLE = YES;
				IPHONEOS_DEPLOYMENT_TARGET = 13.7;
				MTL_ENABLE_DEBUG_INFO = INCLUDE_SOURCE;
				MTL_FAST_MATH = YES;
				ONLY_ACTIVE_ARCH = YES;
				SDKROOT = iphoneos;
				SWIFT_ACTIVE_COMPILATION_CONDITIONS = DEBUG;
				SWIFT_OPTIMIZATION_LEVEL = "-Onone";
			};
			name = Debug;
		};
		26201310250A684200B21653 /* Release */ = {
			isa = XCBuildConfiguration;
			buildSettings = {
				ALWAYS_SEARCH_USER_PATHS = NO;
				CLANG_ANALYZER_NONNULL = YES;
				CLANG_ANALYZER_NUMBER_OBJECT_CONVERSION = YES_AGGRESSIVE;
				CLANG_CXX_LANGUAGE_STANDARD = "gnu++14";
				CLANG_CXX_LIBRARY = "libc++";
				CLANG_ENABLE_MODULES = YES;
				CLANG_ENABLE_OBJC_ARC = YES;
				CLANG_ENABLE_OBJC_WEAK = YES;
				CLANG_WARN_BLOCK_CAPTURE_AUTORELEASING = YES;
				CLANG_WARN_BOOL_CONVERSION = YES;
				CLANG_WARN_COMMA = YES;
				CLANG_WARN_CONSTANT_CONVERSION = YES;
				CLANG_WARN_DEPRECATED_OBJC_IMPLEMENTATIONS = YES;
				CLANG_WARN_DIRECT_OBJC_ISA_USAGE = YES_ERROR;
				CLANG_WARN_DOCUMENTATION_COMMENTS = YES;
				CLANG_WARN_EMPTY_BODY = YES;
				CLANG_WARN_ENUM_CONVERSION = YES;
				CLANG_WARN_INFINITE_RECURSION = YES;
				CLANG_WARN_INT_CONVERSION = YES;
				CLANG_WARN_NON_LITERAL_NULL_CONVERSION = YES;
				CLANG_WARN_OBJC_IMPLICIT_RETAIN_SELF = YES;
				CLANG_WARN_OBJC_LITERAL_CONVERSION = YES;
				CLANG_WARN_OBJC_ROOT_CLASS = YES_ERROR;
				CLANG_WARN_QUOTED_INCLUDE_IN_FRAMEWORK_HEADER = YES;
				CLANG_WARN_RANGE_LOOP_ANALYSIS = YES;
				CLANG_WARN_STRICT_PROTOTYPES = YES;
				CLANG_WARN_SUSPICIOUS_MOVE = YES;
				CLANG_WARN_UNGUARDED_AVAILABILITY = YES_AGGRESSIVE;
				CLANG_WARN_UNREACHABLE_CODE = YES;
				CLANG_WARN__DUPLICATE_METHOD_MATCH = YES;
				COPY_PHASE_STRIP = NO;
				DEBUG_INFORMATION_FORMAT = "dwarf-with-dsym";
				ENABLE_NS_ASSERTIONS = NO;
				ENABLE_STRICT_OBJC_MSGSEND = YES;
				GCC_C_LANGUAGE_STANDARD = gnu11;
				GCC_NO_COMMON_BLOCKS = YES;
				GCC_WARN_64_TO_32_BIT_CONVERSION = YES;
				GCC_WARN_ABOUT_RETURN_TYPE = YES_ERROR;
				GCC_WARN_UNDECLARED_SELECTOR = YES;
				GCC_WARN_UNINITIALIZED_AUTOS = YES_AGGRESSIVE;
				GCC_WARN_UNUSED_FUNCTION = YES;
				GCC_WARN_UNUSED_VARIABLE = YES;
				IPHONEOS_DEPLOYMENT_TARGET = 13.7;
				MTL_ENABLE_DEBUG_INFO = NO;
				MTL_FAST_MATH = YES;
				SDKROOT = iphoneos;
				SWIFT_COMPILATION_MODE = wholemodule;
				SWIFT_OPTIMIZATION_LEVEL = "-O";
				VALIDATE_PRODUCT = YES;
			};
			name = Release;
		};
		26201312250A684200B21653 /* Debug */ = {
			isa = XCBuildConfiguration;
			buildSettings = {
				ASSETCATALOG_COMPILER_APPICON_NAME = AppIcon;
				CODE_SIGN_STYLE = Automatic;
				DEVELOPMENT_TEAM = H6AH2D48G7;
				INFOPLIST_FILE = CoffeeOrder/Info.plist;
				LD_RUNPATH_SEARCH_PATHS = (
					"$(inherited)",
					"@executable_path/Frameworks",
				);
				PRODUCT_BUNDLE_IDENTIFIER = jeromepullen.coffeeorder;
				PRODUCT_NAME = "$(TARGET_NAME)";
				SWIFT_VERSION = 5.0;
				TARGETED_DEVICE_FAMILY = "1,2";
			};
			name = Debug;
		};
		26201313250A684200B21653 /* Release */ = {
			isa = XCBuildConfiguration;
			buildSettings = {
				ASSETCATALOG_COMPILER_APPICON_NAME = AppIcon;
				CODE_SIGN_STYLE = Automatic;
				DEVELOPMENT_TEAM = H6AH2D48G7;
				INFOPLIST_FILE = CoffeeOrder/Info.plist;
				LD_RUNPATH_SEARCH_PATHS = (
					"$(inherited)",
					"@executable_path/Frameworks",
				);
				PRODUCT_BUNDLE_IDENTIFIER = jeromepullen.coffeeorder;
				PRODUCT_NAME = "$(TARGET_NAME)";
				SWIFT_VERSION = 5.0;
				TARGETED_DEVICE_FAMILY = "1,2";
			};
			name = Release;
		};
/* End XCBuildConfiguration section */

/* Begin XCConfigurationList section */
		262012F8250A683C00B21653 /* Build configuration list for PBXProject "CoffeeOrder" */ = {
			isa = XCConfigurationList;
			buildConfigurations = (
				2620130F250A684200B21653 /* Debug */,
				26201310250A684200B21653 /* Release */,
			);
			defaultConfigurationIsVisible = 0;
			defaultConfigurationName = Release;
		};
		26201311250A684200B21653 /* Build configuration list for PBXNativeTarget "CoffeeOrder" */ = {
			isa = XCConfigurationList;
			buildConfigurations = (
				26201312250A684200B21653 /* Debug */,
				26201313250A684200B21653 /* Release */,
			);
			defaultConfigurationIsVisible = 0;
			defaultConfigurationName = Release;
		};
/* End XCConfigurationList section */
	};
	rootObject = 262012F5250A683C00B21653 /* Project object */;
}
